{
  "lockfileVersion": 1,
  "configVersion": 1,
  "workspaces": {
    "": {
      "name": "tokana",
      "dependencies": {
        "js-tiktoken": "^1.0.15",
      },
    },
  },
  "packages": {
    "base64-js": ["base64-js@1.5.1", "", {}, "sha512-AKpaYlHn8t4SVbOHCy+b5+KKgvR4vrsD8vbvrbiQJps7fKDTkjkDry6ji0rUJjC0kzbNePLwzxq8iypo41qeWA=="],

    "js-tiktoken": ["js-tiktoken@1.0.21", "", { "dependencies": { "base64-js": "^1.5.1" } }, "sha512-biOj/6M5qdgx5TKjDnFT1ymSpM5tbd3ylwDtrQvFQSu0Z7bBYko2dF+W/aUkXUPuk6IVpRxk/3Q2sHOzGlS36g=="],
  }
}
